
Microsoft Visual Studio Solution File, Format Version 12.00
# Visual Studio Version 17
VisualStudioVersion = 17.3.32825.248
MinimumVisualStudioVersion = 10.0.40219.1
Project("{9A19103F-16F7-4668-BE54-9A1E7A4F7556}") = "CongestionTaxCalculatorWebApi", "CongestionTaxCalculatorWebApi\CongestionTaxCalculatorWebApi.csproj", "{6A44FBAD-3965-400D-864F-778749C565EA}"
EndProject
Project("{9A19103F-16F7-4668-BE54-9A1E7A4F7556}") = "CongestionModels", "CongestionModels\CongestionModels.csproj", "{4CDFEA73-268A-44F9-9A40-6BB394ADED84}"
EndProject
Project("{FAE04EC0-301F-11D3-BF4B-00C04F79EFBC}") = "GongestionCalculatorTests", "congestion-tax-calculator-tests\GongestionCalculatorTests.csproj", "{33FB032E-AFB4-424F-8CCD-C348C8683E5F}"
EndProject
Project("{FAE04EC0-301F-11D3-BF4B-00C04F79EFBC}") = "CongestionCalculator", "Congestion\CongestionCalculator.csproj", "{7B1BA36E-4A60-4BBF-94BA-6C25693E7DFC}"
EndProject
Global
	GlobalSection(SolutionConfigurationPlatforms) = preSolution
		Debug|Any CPU = Debug|Any CPU
		Release|Any CPU = Release|Any CPU
	EndGlobalSection
	GlobalSection(ProjectConfigurationPlatforms) = postSolution
		{6A44FBAD-3965-400D-864F-778749C565EA}.Debug|Any CPU.ActiveCfg = Debug|Any CPU
		{6A44FBAD-3965-400D-864F-778749C565EA}.Debug|Any CPU.Build.0 = Debug|Any CPU
		{6A44FBAD-3965-400D-864F-778749C565EA}.Release|Any CPU.ActiveCfg = Release|Any CPU
		{6A44FBAD-3965-400D-864F-778749C565EA}.Release|Any CPU.Build.0 = Release|Any CPU
		{4CDFEA73-268A-44F9-9A40-6BB394ADED84}.Debug|Any CPU.ActiveCfg = Debug|Any CPU
		{4CDFEA73-268A-44F9-9A40-6BB394ADED84}.Debug|Any CPU.Build.0 = Debug|Any CPU
		{4CDFEA73-268A-44F9-9A40-6BB394ADED84}.Release|Any CPU.ActiveCfg = Release|Any CPU
		{4CDFEA73-268A-44F9-9A40-6BB394ADED84}.Release|Any CPU.Build.0 = Release|Any CPU
		{33FB032E-AFB4-424F-8CCD-C348C8683E5F}.Debug|Any CPU.ActiveCfg = Debug|Any CPU
		{33FB032E-AFB4-424F-8CCD-C348C8683E5F}.Debug|Any CPU.Build.0 = Debug|Any CPU
		{33FB032E-AFB4-424F-8CCD-C348C8683E5F}.Release|Any CPU.ActiveCfg = Release|Any CPU
		{33FB032E-AFB4-424F-8CCD-C348C8683E5F}.Release|Any CPU.Build.0 = Release|Any CPU
		{7B1BA36E-4A60-4BBF-94BA-6C25693E7DFC}.Debug|Any CPU.ActiveCfg = Debug|Any CPU
		{7B1BA36E-4A60-4BBF-94BA-6C25693E7DFC}.Debug|Any CPU.Build.0 = Debug|Any CPU
		{7B1BA36E-4A60-4BBF-94BA-6C25693E7DFC}.Release|Any CPU.ActiveCfg = Release|Any CPU
		{7B1BA36E-4A60-4BBF-94BA-6C25693E7DFC}.Release|Any CPU.Build.0 = Release|Any CPU
	EndGlobalSection
	GlobalSection(SolutionProperties) = preSolution
		HideSolutionNode = FALSE
	EndGlobalSection
	GlobalSection(ExtensibilityGlobals) = postSolution
		SolutionGuid = {829E1E5A-A2A0-4AD9-B33C-B066A101CD47}
	EndGlobalSection
EndGlobal
